
Microsoft Visual Studio Solution File, Format Version 12.00
# Visual Studio Version 17
VisualStudioVersion = 17.8.34511.84
MinimumVisualStudioVersion = 10.0.40219.1
Project("{FAE04EC0-301F-11D3-BF4B-00C04F79EFBC}") = "Practich5", "Practich5\Practich5.csproj", "{9F1F8254-2DF3-44B6-B2F9-97FA2C16D3DF}"
EndProject
Global
	GlobalSection(SolutionConfigurationPlatforms) = preSolution
		Debug|Any CPU = Debug|Any CPU
		Release|Any CPU = Release|Any CPU
	EndGlobalSection
	GlobalSection(ProjectConfigurationPlatforms) = postSolution
		{9F1F8254-2DF3-44B6-B2F9-97FA2C16D3DF}.Debug|Any CPU.ActiveCfg = Debug|Any CPU
		{9F1F8254-2DF3-44B6-B2F9-97FA2C16D3DF}.Debug|Any CPU.Build.0 = Debug|Any CPU
		{9F1F8254-2DF3-44B6-B2F9-97FA2C16D3DF}.Release|Any CPU.ActiveCfg = Release|Any CPU
		{9F1F8254-2DF3-44B6-B2F9-97FA2C16D3DF}.Release|Any CPU.Build.0 = Release|Any CPU
	EndGlobalSection
	GlobalSection(SolutionProperties) = preSolution
		HideSolutionNode = FALSE
	EndGlobalSection
	GlobalSection(ExtensibilityGlobals) = postSolution
		SolutionGuid = {F754BFD8-8808-4973-BD1E-492473E7C407}
	EndGlobalSection
EndGlobal
